
Microsoft Visual Studio Solution File, Format Version 12.00
# Visual Studio 15
VisualStudioVersion = 15.0.28307.1525
MinimumVisualStudioVersion = 10.0.40219.1
Project("{FAE04EC0-301F-11D3-BF4B-00C04F79EFBC}") = "EasyInvoice-API", "EasyInvoice-API\EasyInvoice-API.csproj", "{10DC56A8-518B-43FB-BDB5-6C8B1632C563}"
EndProject
Global
	GlobalSection(SolutionConfigurationPlatforms) = preSolution
		Debug|Any CPU = Debug|Any CPU
		Release|Any CPU = Release|Any CPU
	EndGlobalSection
	GlobalSection(ProjectConfigurationPlatforms) = postSolution
		{10DC56A8-518B-43FB-BDB5-6C8B1632C563}.Debug|Any CPU.ActiveCfg = Debug|Any CPU
		{10DC56A8-518B-43FB-BDB5-6C8B1632C563}.Debug|Any CPU.Build.0 = Debug|Any CPU
		{10DC56A8-518B-43FB-BDB5-6C8B1632C563}.Release|Any CPU.ActiveCfg = Release|Any CPU
		{10DC56A8-518B-43FB-BDB5-6C8B1632C563}.Release|Any CPU.Build.0 = Release|Any CPU
	EndGlobalSection
	GlobalSection(SolutionProperties) = preSolution
		HideSolutionNode = FALSE
	EndGlobalSection
	GlobalSection(ExtensibilityGlobals) = postSolution
		SolutionGuid = {5E2DEE3A-A3D6-4707-B600-3F508131AF21}
	EndGlobalSection
EndGlobal
